PODS:
  - Alamofire (4.5.1)
  - AlamofireObjectMapper (5.0.0):
    - Alamofire (~> 4.1)
    - ObjectMapper (~> 3.0)
  - IQKeyboardManager (5.0.3)
  - ObjectMapper (3.0.0)
  - SwiftKeychainWrapper (3.0.1)

DEPENDENCIES:
  - Alamofire (~> 4.5)
  - AlamofireObjectMapper (~> 5.0)
  - IQKeyboardManager (~> 5.0)
  - SwiftKeychainWrapper (~> 3.0)

SPEC CHECKSUMS:
  Alamofire: 2d95912bf4c34f164fdfc335872e8c312acaea4a
  AlamofireObjectMapper: 5fafc816351cbbc0d486611aaeba7461c0cbad49
  IQKeyboardManager: dc5b18b47e5170e4d150bb86dbee8c8a2fc48997
  ObjectMapper: 92230db59bf8f341a5c3a3cf0b9fbdde3cf0d87f
  SwiftKeychainWrapper: 38952a3636320ae61bad3513cadd870929de7a4a

PODFILE CHECKSUM: b3aa3ba0cbe255bb49e92bacc4cce36e61afbd62

COCOAPODS: 1.2.1
